
Microsoft Visual Studio Solution File, Format Version 12.00
# Visual Studio 15
VisualStudioVersion = 15.0.27703.2042
MinimumVisualStudioVersion = 10.0.40219.1
Project("{E24C65DC-7377-472B-9ABA-BC803B73C61A}") = "WebExemplo1", "WebExemplo1\", "{4FB1B07A-3E80-448F-90D2-230A6098A0AD}"
	ProjectSection(WebsiteProperties) = preProject
		TargetFrameworkMoniker = ".NETFramework,Version%3Dv4.6.1"
		Debug.AspNetCompiler.VirtualPath = "/localhost_22245"
		Debug.AspNetCompiler.PhysicalPath = "WebExemplo1\"
		Debug.AspNetCompiler.TargetPath = "PrecompiledWeb\localhost_22245\"
		Debug.AspNetCompiler.Updateable = "true"
		Debug.AspNetCompiler.ForceOverwrite = "true"
		Debug.AspNetCompiler.FixedNames = "false"
		Debug.AspNetCompiler.Debug = "True"
		Release.AspNetCompiler.VirtualPath = "/localhost_22245"
		Release.AspNetCompiler.PhysicalPath = "WebExemplo1\"
		Release.AspNetCompiler.TargetPath = "PrecompiledWeb\localhost_22245\"
		Release.AspNetCompiler.Updateable = "true"
		Release.AspNetCompiler.ForceOverwrite = "true"
		Release.AspNetCompiler.FixedNames = "false"
		Release.AspNetCompiler.Debug = "False"
		VWDPort = "22245"
		SlnRelativePath = "WebExemplo1\"
		DefaultWebSiteLanguage = "Visual C#"
	EndProjectSection
EndProject
Global
	GlobalSection(SolutionConfigurationPlatforms) = preSolution
		Debug|Any CPU = Debug|Any CPU
	EndGlobalSection
	GlobalSection(ProjectConfigurationPlatforms) = postSolution
		{4FB1B07A-3E80-448F-90D2-230A6098A0AD}.Debug|Any CPU.ActiveCfg = Debug|Any CPU
		{4FB1B07A-3E80-448F-90D2-230A6098A0AD}.Debug|Any CPU.Build.0 = Debug|Any CPU
	EndGlobalSection
	GlobalSection(SolutionProperties) = preSolution
		HideSolutionNode = FALSE
	EndGlobalSection
	GlobalSection(ExtensibilityGlobals) = postSolution
		SolutionGuid = {536F095C-A12B-4A2E-A531-DBE2D3999DE1}
	EndGlobalSection
EndGlobal
